
Microsoft Visual Studio Solution File, Format Version 12.00
# Visual Studio Version 17
VisualStudioVersion = 17.11.35312.102
MinimumVisualStudioVersion = 10.0.40219.1
Project("{8BC9CEB8-8B4A-11D0-8D11-00A0C91BC942}") = "Primes_tests.cpp", "Primes_tests.cpp.vcxproj", "{89F1C6D4-4523-4709-A47C-DC0565B6DCCF}"
EndProject
Global
	GlobalSection(SolutionConfigurationPlatforms) = preSolution
		Debug|x64 = Debug|x64
		Debug|x86 = Debug|x86
		Release|x64 = Release|x64
		Release|x86 = Release|x86
	EndGlobalSection
	GlobalSection(ProjectConfigurationPlatforms) = postSolution
		{89F1C6D4-4523-4709-A47C-DC0565B6DCCF}.Debug|x64.ActiveCfg = Debug|x64
		{89F1C6D4-4523-4709-A47C-DC0565B6DCCF}.Debug|x64.Build.0 = Debug|x64
		{89F1C6D4-4523-4709-A47C-DC0565B6DCCF}.Debug|x86.ActiveCfg = Debug|Win32
		{89F1C6D4-4523-4709-A47C-DC0565B6DCCF}.Debug|x86.Build.0 = Debug|Win32
		{89F1C6D4-4523-4709-A47C-DC0565B6DCCF}.Release|x64.ActiveCfg = Release|x64
		{89F1C6D4-4523-4709-A47C-DC0565B6DCCF}.Release|x64.Build.0 = Release|x64
		{89F1C6D4-4523-4709-A47C-DC0565B6DCCF}.Release|x86.ActiveCfg = Release|Win32
		{89F1C6D4-4523-4709-A47C-DC0565B6DCCF}.Release|x86.Build.0 = Release|Win32
	EndGlobalSection
	GlobalSection(SolutionProperties) = preSolution
		HideSolutionNode = FALSE
	EndGlobalSection
	GlobalSection(ExtensibilityGlobals) = postSolution
		SolutionGuid = {4FAA8105-876F-429E-901B-858D65893BA8}
	EndGlobalSection
EndGlobal
